# This file was autogenerated by Stack.
# You should not edit this file by hand.
# For more information, please see the documentation at:
#   https://docs.haskellstack.org/en/stable/lock_files

packages:
- completed:
    hackage: hmatrix-0.20.0.0@sha256:d79a9218e314f1a2344457c3851bd1d2536518ecb5f1a2fcd81daa45e46cd025,4870
    pantry-tree:
      size: 2228
      sha256: e6b3ee22ab46ba9283bc4e8e709aea19bb6a3e8ba6492fb3f42befa6548f48ca
  original:
    hackage: hmatrix-0.20.0.0
snapshots:
- completed:
    size: 524155
    url: https://raw.githubusercontent.com/commercialhaskell/stackage-snapshots/master/lts/14/19.yaml
    sha256: 9f79f6494473c9b46911364b94c4b5ef19ca8d35ebf62e46697cf651f198ee19
  original: lts-14.19
